
Microsoft Visual Studio Solution File, Format Version 12.00
# Visual Studio Version 16
VisualStudioVersion = 16.0.30225.117
MinimumVisualStudioVersion = 10.0.40219.1
Project("{FAE04EC0-301F-11D3-BF4B-00C04F79EFBC}") = "WindowsFormsApp44", "WindowsFormsApp44\WindowsFormsApp44.csproj", "{B2E9F36A-AD63-4CB7-9786-C86C4E459DE2}"
EndProject
Global
	GlobalSection(SolutionConfigurationPlatforms) = preSolution
		Debug|Any CPU = Debug|Any CPU
		Release|Any CPU = Release|Any CPU
	EndGlobalSection
	GlobalSection(ProjectConfigurationPlatforms) = postSolution
		{B2E9F36A-AD63-4CB7-9786-C86C4E459DE2}.Debug|Any CPU.ActiveCfg = Debug|Any CPU
		{B2E9F36A-AD63-4CB7-9786-C86C4E459DE2}.Debug|Any CPU.Build.0 = Debug|Any CPU
		{B2E9F36A-AD63-4CB7-9786-C86C4E459DE2}.Release|Any CPU.ActiveCfg = Release|Any CPU
		{B2E9F36A-AD63-4CB7-9786-C86C4E459DE2}.Release|Any CPU.Build.0 = Release|Any CPU
	EndGlobalSection
	GlobalSection(SolutionProperties) = preSolution
		HideSolutionNode = FALSE
	EndGlobalSection
	GlobalSection(ExtensibilityGlobals) = postSolution
		SolutionGuid = {98526636-68BA-4939-A54A-4225B7BF7CB6}
	EndGlobalSection
EndGlobal
